// !$*UTF8*$!
{
	archiveVersion = 1;
	classes = {
	};
	objectVersion = 46;
	objects = {

/* Begin PBXBuildFile section */
		4E884EAA1EFC7EDE00A19C5F /* AppDelegate.swift in Sources */ = {isa = PBXBuildFile; fileRef = 4E884EA91EFC7EDE00A19C5F /* AppDelegate.swift */; };
		4E884EAC1EFC7EDE00A19C5F /* ViewController.swift in Sources */ = {isa = PBXBuildFile; fileRef = 4E884EAB1EFC7EDE00A19C5F /* ViewController.swift */; };
		4E884EAF1EFC7EDE00A19C5F /* Main.storyboard in Resources */ = {isa = PBXBuildFile; fileRef = 4E884EAD1EFC7EDE00A19C5F /* Main.storyboard */; };
		4E884EB11EFC7EDE00A19C5F /* Assets.xcassets in Resources */ = {isa = PBXBuildFile; fileRef = 4E884EB01EFC7EDE00A19C5F /* Assets.xcassets */; };
		4E884EB41EFC7EDE00A19C5F /* LaunchScreen.storyboard in Resources */ = {isa = PBXBuildFile; fileRef = 4E884EB21EFC7EDE00A19C5F /* LaunchScreen.storyboard */; };
		4E884EBF1EFC7EDE00A19C5F /* SampleProjectTests.swift in Sources */ = {isa = PBXBuildFile; fileRef = 4E884EBE1EFC7EDE00A19C5F /* SampleProjectTests.swift */; };
/* End PBXBuildFile section */

/* Begin PBXContainerItemProxy section */
		4E884EBB1EFC7EDE00A19C5F /* PBXContainerItemProxy */ = {
			isa = PBXContainerItemProxy;
			containerPortal = 4E884E9E1EFC7EDE00A19C5F /* Project object */;
			proxyType = 1;
			remoteGlobalIDString = 4E884EA51EFC7EDE00A19C5F;
			remoteInfo = SampleProject;
		};
/* End PBXContainerItemProxy section */

/* Begin PBXFileReference section */
		4E884EA61EFC7EDE00A19C5F /* SampleProject.app */ = {isa = PBXFileReference; explicitFileType = wrapper.application; includeInIndex = 0; path = SampleProject.app; sourceTree = BUILT_PRODUCTS_DIR; };
		4E884EA91EFC7EDE00A19C5F /* AppDelegate.swift */ = {isa = PBXFileReference; lastKnownFileType = sourcecode.swift; path = AppDelegate.swift; sourceTree = "<group>"; };
		4E884EAB1EFC7EDE00A19C5F /* ViewController.swift */ = {isa = PBXFileReference; lastKnownFileType = sourcecode.swift; path = ViewController.swift; sourceTree = "<group>"; };
		4E884EAE1EFC7EDE00A19C5F /* Base */ = {isa = PBXFileReference; lastKnownFileType = file.storyboard; name = Base; path = Base.lproj/Main.storyboard; sourceTree = "<group>"; };
		4E884EB01EFC7EDE00A19C5F /* Assets.xcassets */ = {isa = PBXFileReference; lastKnownFileType = folder.assetcatalog; path = Assets.xcassets; sourceTree = "<group>"; };
		4E884EB31EFC7EDE00A19C5F /* Base */ = {isa = PBXFileReference; lastKnownFileType = file.storyboard; name = Base; path = Base.lproj/LaunchScreen.storyboard; sourceTree = "<group>"; };
		4E884EB51EFC7EDE00A19C5F /* Info.plist */ = {isa = PBXFileReference; lastKnownFileType = text.plist.xml; path = Info.plist; sourceTree = "<group>"; };
		4E884EBA1EFC7EDE00A19C5F /* SampleProjectTests.xctest */ = {isa = PBXFileReference; explicitFileType = wrapper.cfbundle; includeInIndex = 0; path = SampleProjectTests.xctest; sourceTree = BUILT_PRODUCTS_DIR; };
		4E884EBE1EFC7EDE00A19C5F /* SampleProjectTests.swift */ = {isa = PBXFileReference; lastKnownFileType = sourcecode.swift; path = SampleProjectTests.swift; sourceTree = "<group>"; };
		4E884EC01EFC7EDE00A19C5F /* Info.plist */ = {isa = PBXFileReference; lastKnownFileType = text.plist.xml; path = Info.plist; sourceTree = "<group>"; };
/* End PBXFileReference section */

/* Begin PBXFrameworksBuildPhase section */
		4E884EA31EFC7EDE00A19C5F /* Frameworks */ = {
			isa = PBXFrameworksBuildPhase;
			buildActionMask = 2147483647;
			files = (
			);
			runOnlyForDeploymentPostprocessing = 0;
		};
		4E884EB71EFC7EDE00A19C5F /* Frameworks */ = {
			isa = PBXFrameworksBuildPhase;
			buildActionMask = 2147483647;
			files = (
			);
			runOnlyForDeploymentPostprocessing = 0;
		};
/* End PBXFrameworksBuildPhase section */

/* Begin PBXGroup section */
		4E884E9D1EFC7EDE00A19C5F = {
			isa = PBXGroup;
			children = (
				4E884EA81EFC7EDE00A19C5F /* SampleProject */,
				4E884EBD1EFC7EDE00A19C5F /* SampleProjectTests */,
				4E884EA71EFC7EDE00A19C5F /* Products */,
			);
			sourceTree = "<group>";
		};
		4E884EA71EFC7EDE00A19C5F /* Products */ = {
			isa = PBXGroup;
			children = (
				4E884EA61EFC7EDE00A19C5F /* SampleProject.app */,
				4E884EBA1EFC7EDE00A19C5F /* SampleProjectTests.xctest */,
			);
			name = Products;
			sourceTree = "<group>";
		};
		4E884EA81EFC7EDE00A19C5F /* SampleProject */ = {
			isa = PBXGroup;
			children = (
				4E884EA91EFC7EDE00A19C5F /* AppDelegate.swift */,
				4E884EAB1EFC7EDE00A19C5F /* ViewController.swift */,
				4E884EAD1EFC7EDE00A19C5F /* Main.storyboard */,
				4E884EB01EFC7EDE00A19C5F /* Assets.xcassets */,
				4E884EB21EFC7EDE00A19C5F /* LaunchScreen.storyboard */,
				4E884EB51EFC7EDE00A19C5F /* Info.plist */,
			);
			path = SampleProject;
			sourceTree = "<group>";
		};
		4E884EBD1EFC7EDE00A19C5F /* SampleProjectTests */ = {
			isa = PBXGroup;
			children = (
				4E884EBE1EFC7EDE00A19C5F /* SampleProjectTests.swift */,
				4E884EC01EFC7EDE00A19C5F /* Info.plist */,
			);
			path = SampleProjectTests;
			sourceTree = "<group>";
		};
/* End PBXGroup section */

/* Begin PBXNativeTarget section */
		4E884EA51EFC7EDE00A19C5F /* SampleProject */ = {
			isa = PBXNativeTarget;
			buildConfigurationList = 4E884EC31EFC7EDE00A19C5F /* Build configuration list for PBXNativeTarget "SampleProject" */;
			buildPhases = (
				4E884EA21EFC7EDE00A19C5F /* Sources */,
				4E884EA31EFC7EDE00A19C5F /* Frameworks */,
				4E884EA41EFC7EDE00A19C5F /* Resources */,
			);
			buildRules = (
			);
			dependencies = (
			);
			name = SampleProject;
			productName = SampleProject;
			productReference = 4E884EA61EFC7EDE00A19C5F /* SampleProject.app */;
			productType = "com.apple.product-type.application";
		};
		4E884EB91EFC7EDE00A19C5F /* SampleProjectTests */ = {
			isa = PBXNativeTarget;
			buildConfigurationList = 4E884EC61EFC7EDE00A19C5F /* Build configuration list for PBXNativeTarget "SampleProjectTests" */;
			buildPhases = (
				4E884EB61EFC7EDE00A19C5F /* Sources */,
				4E884EB71EFC7EDE00A19C5F /* Frameworks */,
				4E884EB81EFC7EDE00A19C5F /* Resources */,
			);
			buildRules = (
			);
			dependencies = (
				4E884EBC1EFC7EDE00A19C5F /* PBXTargetDependency */,
			);
			name = SampleProjectTests;
			productName = SampleProjectTests;
			productReference = 4E884EBA1EFC7EDE00A19C5F /* SampleProjectTests.xctest */;
			productType = "com.apple.product-type.bundle.unit-test";
		};
/* End PBXNativeTarget section */

/* Begin PBXProject section */
		4E884E9E1EFC7EDE00A19C5F /* Project object */ = {
			isa = PBXProject;
			attributes = {
				LastSwiftUpdateCheck = 0830;
				LastUpgradeCheck = 0830;
				ORGANIZATIONNAME = Kirby;
				TargetAttributes = {
					4E884EA51EFC7EDE00A19C5F = {
						CreatedOnToolsVersion = 8.3.3;
						DevelopmentTeam = 7U5UFZ4SY4;
						ProvisioningStyle = Automatic;
					};
					4E884EB91EFC7EDE00A19C5F = {
						CreatedOnToolsVersion = 8.3.3;
						DevelopmentTeam = 7U5UFZ4SY4;
						ProvisioningStyle = Automatic;
						TestTargetID = 4E884EA51EFC7EDE00A19C5F;
					};
				};
			};
			buildConfigurationList = 4E884EA11EFC7EDE00A19C5F /* Build configuration list for PBXProject "SampleProject" */;
			compatibilityVersion = "Xcode 3.2";
			developmentRegion = English;
			hasScannedForEncodings = 0;
			knownRegions = (
				en,
				Base,
			);
			mainGroup = 4E884E9D1EFC7EDE00A19C5F;
			productRefGroup = 4E884EA71EFC7EDE00A19C5F /* Products */;
			projectDirPath = "";
			projectRoot = "";
			targets = (
				4E884EA51EFC7EDE00A19C5F /* SampleProject */,
				4E884EB91EFC7EDE00A19C5F /* SampleProjectTests */,
			);
		};
/* End PBXProject section */

/* Begin PBXResourcesBuildPhase section */
		4E884EA41EFC7EDE00A19C5F /* Resources */ = {
			isa = PBXResourcesBuildPhase;
			buildActionMask = 2147483647;
			files = (
				4E884EB41EFC7EDE00A19C5F /* LaunchScreen.storyboard in Resources */,
				4E884EB11EFC7EDE00A19C5F /* Assets.xcassets in Resources */,
				4E884EAF1EFC7EDE00A19C5F /* Main.storyboard in Resources */,
			);
			runOnlyForDeploymentPostprocessing = 0;
		};
		4E884EB81EFC7EDE00A19C5F /* Resources */ = {
			isa = PBXResourcesBuildPhase;
			buildActionMask = 2147483647;
			files = (
			);
			runOnlyForDeploymentPostprocessing = 0;
		};
/* End PBXResourcesBuildPhase section */

/* Begin PBXSourcesBuildPhase section */
		4E884EA21EFC7EDE00A19C5F /* Sources */ = {
			isa = PBXSourcesBuildPhase;
			buildActionMask = 2147483647;
			files = (
				4E884EAC1EFC7EDE00A19C5F /* ViewController.swift in Sources */,
				4E884EAA1EFC7EDE00A19C5F /* AppDelegate.swift in Sources */,
			);
			runOnlyForDeploymentPostprocessing = 0;
		};
		4E884EB61EFC7EDE00A19C5F /* Sources */ = {
			isa = PBXSourcesBuildPhase;
			buildActionMask = 2147483647;
			files = (
				4E884EBF1EFC7EDE00A19C5F /* SampleProjectTests.swift in Sources */,
			);
			runOnlyForDeploymentPostprocessing = 0;
		};
/* End PBXSourcesBuildPhase section */

/* Begin PBXTargetDependency section */
		4E884EBC1EFC7EDE00A19C5F /* PBXTargetDependency */ = {
			isa = PBXTargetDependency;
			target = 4E884EA51EFC7EDE00A19C5F /* SampleProject */;
			targetProxy = 4E884EBB1EFC7EDE00A19C5F /* PBXContainerItemProxy */;
		};
/* End PBXTargetDependency section */

/* Begin PBXVariantGroup section */
		4E884EAD1EFC7EDE00A19C5F /* Main.storyboard */ = {
			isa = PBXVariantGroup;
			children = (
				4E884EAE1EFC7EDE00A19C5F /* Base */,
			);
			name = Main.storyboard;
			sourceTree = "<group>";
		};
		4E884EB21EFC7EDE00A19C5F /* LaunchScreen.storyboard */ = {
			isa = PBXVariantGroup;
			children = (
				4E884EB31EFC7EDE00A19C5F /* Base */,
			);
			name = LaunchScreen.storyboard;
			sourceTree = "<group>";
		};
/* End PBXVariantGroup section */

/* Begin XCBuildConfiguration section */
		4E884EC11EFC7EDE00A19C5F /* Debug */ = {
			isa = XCBuildConfiguration;
			buildSettings = {
				ALWAYS_SEARCH_USER_PATHS = NO;
				CLANG_ANALYZER_NONNULL = YES;
				CLANG_ANALYZER_NUMBER_OBJECT_CONVERSION = YES_AGGRESSIVE;
				CLANG_CXX_LANGUAGE_STANDARD = "gnu++0x";
				CLANG_CXX_LIBRARY = "libc++";
				CLANG_ENABLE_MODULES = YES;
				CLANG_ENABLE_OBJC_ARC = YES;
				CLANG_WARN_BOOL_CONVERSION = YES;
				CLANG_WARN_CONSTANT_CONVERSION = YES;
				CLANG_WARN_DIRECT_OBJC_ISA_USAGE = YES_ERROR;
				CLANG_WARN_DOCUMENTATION_COMMENTS = YES;
				CLANG_WARN_EMPTY_BODY = YES;
				CLANG_WARN_ENUM_CONVERSION = YES;
				CLANG_WARN_INFINITE_RECURSION = YES;
				CLANG_WARN_INT_CONVERSION = YES;
				CLANG_WARN_OBJC_ROOT_CLASS = YES_ERROR;
				CLANG_WARN_SUSPICIOUS_MOVE = YES;
				CLANG_WARN_UNREACHABLE_CODE = YES;
				CLANG_WARN__DUPLICATE_METHOD_MATCH = YES;
				"CODE_SIGN_IDENTITY[sdk=iphoneos*]" = "iPhone Developer";
				COPY_PHASE_STRIP = NO;
				DEBUG_INFORMATION_FORMAT = dwarf;
				ENABLE_STRICT_OBJC_MSGSEND = YES;
				ENABLE_TESTABILITY = YES;
				GCC_C_LANGUAGE_STANDARD = gnu99;
				GCC_DYNAMIC_NO_PIC = NO;
				GCC_NO_COMMON_BLOCKS = YES;
				GCC_OPTIMIZATION_LEVEL = 0;
				GCC_PREPROCESSOR_DEFINITIONS = (
					"DEBUG=1",
					"$(inherited)",
				);
				GCC_WARN_64_TO_32_BIT_CONVERSION = YES;
				GCC_WARN_ABOUT_RETURN_TYPE = YES_ERROR;
				GCC_WARN_UNDECLARED_SELECTOR = YES;
				GCC_WARN_UNINITIALIZED_AUTOS = YES_AGGRESSIVE;
				GCC_WARN_UNUSED_FUNCTION = YES;
				GCC_WARN_UNUSED_VARIABLE = YES;
				IPHONEOS_DEPLOYMENT_TARGET = 10.3;
				MTL_ENABLE_DEBUG_INFO = YES;
				ONLY_ACTIVE_ARCH = YES;
				SDKROOT = iphoneos;
				SWIFT_ACTIVE_COMPILATION_CONDITIONS = DEBUG;
				SWIFT_OPTIMIZATION_LEVEL = "-Onone";
				TARGETED_DEVICE_FAMILY = "1,2";
			};
			name = Debug;
		};
		4E884EC21EFC7EDE00A19C5F /* Release */ = {
			isa = XCBuildConfiguration;
			buildSettings = {
				ALWAYS_SEARCH_USER_PATHS = NO;
				CLANG_ANALYZER_NONNULL = YES;
				CLANG_ANALYZER_NUMBER_OBJECT_CONVERSION = YES_AGGRESSIVE;
				CLANG_CXX_LANGUAGE_STANDARD = "gnu++0x";
				CLANG_CXX_LIBRARY = "libc++";
				CLANG_ENABLE_MODULES = YES;
				CLANG_ENABLE_OBJC_ARC = YES;
				CLANG_WARN_BOOL_CONVERSION = YES;
				CLANG_WARN_CONSTANT_CONVERSION = YES;
				CLANG_WARN_DIRECT_OBJC_ISA_USAGE = YES_ERROR;
				CLANG_WARN_DOCUMENTATION_COMMENTS = YES;
				CLANG_WARN_EMPTY_BODY = YES;
				CLANG_WARN_ENUM_CONVERSION = YES;
				CLANG_WARN_INFINITE_RECURSION = YES;
				CLANG_WARN_INT_CONVERSION = YES;
				CLANG_WARN_OBJC_ROOT_CLASS = YES_ERROR;
				CLANG_WARN_SUSPICIOUS_MOVE = YES;
				CLANG_WARN_UNREACHABLE_CODE = YES;
				CLANG_WARN__DUPLICATE_METHOD_MATCH = YES;
				"CODE_SIGN_IDENTITY[sdk=iphoneos*]" = "iPhone Developer";
				COPY_PHASE_STRIP = NO;
				DEBUG_INFORMATION_FORMAT = "dwarf-with-dsym";
				ENABLE_NS_ASSERTIONS = NO;
				ENABLE_STRICT_OBJC_MSGSEND = YES;
				GCC_C_LANGUAGE_STANDARD = gnu99;
				GCC_NO_COMMON_BLOCKS = YES;
				GCC_WARN_64_TO_32_BIT_CONVERSION = YES;
				GCC_WARN_ABOUT_RETURN_TYPE = YES_ERROR;
				GCC_WARN_UNDECLARED_SELECTOR = YES;
				GCC_WARN_UNINITIALIZED_AUTOS = YES_AGGRESSIVE;
				GCC_WARN_UNUSED_FUNCTION = YES;
				GCC_WARN_UNUSED_VARIABLE = YES;
				IPHONEOS_DEPLOYMENT_TARGET = 10.3;
				MTL_ENABLE_DEBUG_INFO = NO;
				SDKROOT = iphoneos;
				SWIFT_OPTIMIZATION_LEVEL = "-Owholemodule";
				TARGETED_DEVICE_FAMILY = "1,2";
				VALIDATE_PRODUCT = YES;
			};
			name = Release;
		};
		4E884EC41EFC7EDE00A19C5F /* Debug */ = {
			isa = XCBuildConfiguration;
			buildSettings = {
				ASSETCATALOG_COMPILER_APPICON_NAME = AppIcon;
				DEVELOPMENT_TEAM = 7U5UFZ4SY4;
				INFOPLIST_FILE = SampleProject/Info.plist;
				LD_RUNPATH_SEARCH_PATHS = "$(inherited) @executable_path/Frameworks";
				PRODUCT_BUNDLE_IDENTIFIER = iphone.kirby.SampleProject;
				PRODUCT_NAME = "$(TARGET_NAME)";
				SWIFT_VERSION = 3.0;
			};
			name = Debug;
		};
		4E884EC51EFC7EDE00A19C5F /* Release */ = {
			isa = XCBuildConfiguration;
			buildSettings = {
				ASSETCATALOG_COMPILER_APPICON_NAME = AppIcon;
				DEVELOPMENT_TEAM = 7U5UFZ4SY4;
				INFOPLIST_FILE = SampleProject/Info.plist;
				LD_RUNPATH_SEARCH_PATHS = "$(inherited) @executable_path/Frameworks";
				PRODUCT_BUNDLE_IDENTIFIER = iphone.kirby.SampleProject;
				PRODUCT_NAME = "$(TARGET_NAME)";
				SWIFT_VERSION = 3.0;
			};
			name = Release;
		};
		4E884EC71EFC7EDE00A19C5F /* Debug */ = {
			isa = XCBuildConfiguration;
			buildSettings = {
				ALWAYS_EMBED_SWIFT_STANDARD_LIBRARIES = YES;
				BUNDLE_LOADER = "$(TEST_HOST)";
				DEVELOPMENT_TEAM = 7U5UFZ4SY4;
				INFOPLIST_FILE = SampleProjectTests/Info.plist;
				LD_RUNPATH_SEARCH_PATHS = "$(inherited) @executable_path/Frameworks @loader_path/Frameworks";
				PRODUCT_BUNDLE_IDENTIFIER = iphone.kirby.SampleProjectTests;
				PRODUCT_NAME = "$(TARGET_NAME)";
				SWIFT_VERSION = 3.0;
				TEST_HOST = "$(BUILT_PRODUCTS_DIR)/SampleProject.app/SampleProject";
			};
			name = Debug;
		};
		4E884EC81EFC7EDE00A19C5F /* Release */ = {
			isa = XCBuildConfiguration;
			buildSettings = {
				ALWAYS_EMBED_SWIFT_STANDARD_LIBRARIES = YES;
				BUNDLE_LOADER = "$(TEST_HOST)";
				DEVELOPMENT_TEAM = 7U5UFZ4SY4;
				INFOPLIST_FILE = SampleProjectTests/Info.plist;
				LD_RUNPATH_SEARCH_PATHS = "$(inherited) @executable_path/Frameworks @loader_path/Frameworks";
				PRODUCT_BUNDLE_IDENTIFIER = iphone.kirby.SampleProjectTests;
				PRODUCT_NAME = "$(TARGET_NAME)";
				SWIFT_VERSION = 3.0;
				TEST_HOST = "$(BUILT_PRODUCTS_DIR)/SampleProject.app/SampleProject";
			};
			name = Release;
		};
/* End XCBuildConfiguration section */

/* Begin XCConfigurationList section */
		4E884EA11EFC7EDE00A19C5F /* Build configuration list for PBXProject "SampleProject" */ = {
			isa = XCConfigurationList;
			buildConfigurations = (
				4E884EC11EFC7EDE00A19C5F /* Debug */,
				4E884EC21EFC7EDE00A19C5F /* Release */,
			);
			defaultConfigurationIsVisible = 0;
			defaultConfigurationName = Release;
		};
		4E884EC31EFC7EDE00A19C5F /* Build configuration list for PBXNativeTarget "SampleProject" */ = {
			isa = XCConfigurationList;
			buildConfigurations = (
				4E884EC41EFC7EDE00A19C5F /* Debug */,
				4E884EC51EFC7EDE00A19C5F /* Release */,
			);
			defaultConfigurationIsVisible = 0;
		};
		4E884EC61EFC7EDE00A19C5F /* Build configuration list for PBXNativeTarget "SampleProjectTests" */ = {
			isa = XCConfigurationList;
			buildConfigurations = (
				4E884EC71EFC7EDE00A19C5F /* Debug */,
				4E884EC81EFC7EDE00A19C5F /* Release */,
			);
			defaultConfigurationIsVisible = 0;
		};
/* End XCConfigurationList section */
	};
	rootObject = 4E884E9E1EFC7EDE00A19C5F /* Project object */;
}
